{
  "name": "anniversary",
  "version": "1.0.0",
  "lockfileVersion": 1,
  "requires": true,
  "dependencies": {
    "@popperjs/core": {
      "version": "2.9.3",
      "resolved": "https://registry.npmjs.org/@popperjs/core/-/core-2.9.3.tgz",
      "integrity": "sha512-xDu17cEfh7Kid/d95kB6tZsLOmSWKCZKtprnhVepjsSaCij+lM3mItSJDuuHDMbCWTh8Ejmebwb+KONcCJ0eXQ=="
    },
    "@types/bootstrap": {
      "version": "5.1.2",
      "resolved": "https://registry.npmjs.org/@types/bootstrap/-/bootstrap-5.1.2.tgz",
      "integrity": "sha512-dSQvMi2dMyNwJU6LZjP0pimuBowsMUvGScYdfqqeiDUoj9TxXZCpfu0cTl94U0Zvw/tdH9j/9ToOhi4LKNLZhg==",
      "requires": {
        "@popperjs/core": "^2.9.2",
        "@types/jquery": "*"
      }
    },
    "@types/jquery": {
      "version": "3.5.6",
      "resolved": "https://registry.npmjs.org/@types/jquery/-/jquery-3.5.6.tgz",
      "integrity": "sha512-SmgCQRzGPId4MZQKDj9Hqc6kSXFNWZFHpELkyK8AQhf8Zr6HKfCzFv9ZC1Fv3FyQttJZOlap3qYb12h61iZAIg==",
      "requires": {
        "@types/sizzle": "*"
      }
    },
    "@types/sizzle": {
      "version": "2.3.3",
      "resolved": "https://registry.npmjs.org/@types/sizzle/-/sizzle-2.3.3.tgz",
      "integrity": "sha512-JYM8x9EGF163bEyhdJBpR2QX1R5naCJHC8ucJylJ3w9/CVBaskdQ8WqBf8MmQrd1kRvp/a4TS8HJ+bxzR7ZJYQ=="
    },
    "bobril": {
      "version": "17.10.0",
      "resolved": "https://registry.npmjs.org/bobril/-/bobril-17.10.0.tgz",
      "integrity": "sha512-HbVvpx+2Ywo8iYBQR9dvjeLbxUe3dS9xbwNsbwc5Vx1jZK8P8FtRyGWN979VwA0c6B4OYS+KXpSs51HfXa334A=="
    },
    "bobrilstrap": {
      "version": "5.0.6",
      "resolved": "https://registry.npmjs.org/bobrilstrap/-/bobrilstrap-5.0.6.tgz",
      "integrity": "sha512-A4d0+th3SNITB8wE9QfL7mlm7P1kMSiOOpQiURej7O550kFJCXc9+zAzd32VyHppF3nWtADVO82T/y4SwBPROg==",
      "requires": {
        "@popperjs/core": "^2.9.2",
        "@types/bootstrap": "^5.0.13",
        "bobril": "^17.0.3",
        "bootstrap": "^5.0.0"
      }
    },
    "bootstrap": {
      "version": "5.1.0",
      "resolved": "https://registry.npmjs.org/bootstrap/-/bootstrap-5.1.0.tgz",
      "integrity": "sha512-bs74WNI9BgBo3cEovmdMHikSKoXnDgA6VQjJ7TyTotU6L7d41ZyCEEelPwkYEzsG/Zjv3ie9IE3EMAje0W9Xew=="
    },
    "moment": {
      "version": "2.29.1",
      "resolved": "https://registry.npmjs.org/moment/-/moment-2.29.1.tgz",
      "integrity": "sha512-kHmoybcPV8Sqy59DwNDY3Jefr64lK/by/da0ViFcuA4DH0vQg5Q6Ze5VimxkfQNSC+Mls/Kx53s7TjP1RhFEDQ=="
    }
  }
}
